
Microsoft Visual Studio Solution File, Format Version 12.00
# Visual Studio Version 16
VisualStudioVersion = 16.0.30803.129
MinimumVisualStudioVersion = 10.0.40219.1
Project("{FAE04EC0-301F-11D3-BF4B-00C04F79EFBC}") = "TestLogging.Server", "TestLogging\Server\TestLogging.Server.csproj", "{2EA9E3F1-5F59-4243-996E-9C23111CA663}"
EndProject
Project("{FAE04EC0-301F-11D3-BF4B-00C04F79EFBC}") = "TestLogging.Client", "TestLogging\Client\TestLogging.Client.csproj", "{237AEEA7-0753-4130-AD01-0F1563186FC1}"
EndProject
Project("{FAE04EC0-301F-11D3-BF4B-00C04F79EFBC}") = "TestLogging.Shared", "TestLogging\Shared\TestLogging.Shared.csproj", "{AB5526DB-5B61-4A98-A792-9D83E42CABD3}"
EndProject
Global
	GlobalSection(SolutionConfigurationPlatforms) = preSolution
		Debug|Any CPU = Debug|Any CPU
		Release|Any CPU = Release|Any CPU
	EndGlobalSection
	GlobalSection(ProjectConfigurationPlatforms) = postSolution
		{2EA9E3F1-5F59-4243-996E-9C23111CA663}.Debug|Any CPU.ActiveCfg = Debug|Any CPU
		{2EA9E3F1-5F59-4243-996E-9C23111CA663}.Debug|Any CPU.Build.0 = Debug|Any CPU
		{2EA9E3F1-5F59-4243-996E-9C23111CA663}.Release|Any CPU.ActiveCfg = Release|Any CPU
		{2EA9E3F1-5F59-4243-996E-9C23111CA663}.Release|Any CPU.Build.0 = Release|Any CPU
		{237AEEA7-0753-4130-AD01-0F1563186FC1}.Debug|Any CPU.ActiveCfg = Debug|Any CPU
		{237AEEA7-0753-4130-AD01-0F1563186FC1}.Debug|Any CPU.Build.0 = Debug|Any CPU
		{237AEEA7-0753-4130-AD01-0F1563186FC1}.Release|Any CPU.ActiveCfg = Release|Any CPU
		{237AEEA7-0753-4130-AD01-0F1563186FC1}.Release|Any CPU.Build.0 = Release|Any CPU
		{AB5526DB-5B61-4A98-A792-9D83E42CABD3}.Debug|Any CPU.ActiveCfg = Debug|Any CPU
		{AB5526DB-5B61-4A98-A792-9D83E42CABD3}.Debug|Any CPU.Build.0 = Debug|Any CPU
		{AB5526DB-5B61-4A98-A792-9D83E42CABD3}.Release|Any CPU.ActiveCfg = Release|Any CPU
		{AB5526DB-5B61-4A98-A792-9D83E42CABD3}.Release|Any CPU.Build.0 = Release|Any CPU
	EndGlobalSection
	GlobalSection(SolutionProperties) = preSolution
		HideSolutionNode = FALSE
	EndGlobalSection
	GlobalSection(ExtensibilityGlobals) = postSolution
		SolutionGuid = {0DF013CB-EE68-4943-9553-338A1AF98383}
	EndGlobalSection
EndGlobal
